
Microsoft Visual Studio Solution File, Format Version 12.00
# Visual Studio Version 17
VisualStudioVersion = 17.1.32328.378
MinimumVisualStudioVersion = 10.0.40219.1
Project("{FAE04EC0-301F-11D3-BF4B-00C04F79EFBC}") = "Kamp 4. Gün", "Kamp 4. Gün\Kamp 4. Gün.csproj", "{F82DA634-5B20-4BBE-ABCC-C26CF6BCC49F}"
EndProject
Global
	GlobalSection(SolutionConfigurationPlatforms) = preSolution
		Debug|Any CPU = Debug|Any CPU
		Release|Any CPU = Release|Any CPU
	EndGlobalSection
	GlobalSection(ProjectConfigurationPlatforms) = postSolution
		{F82DA634-5B20-4BBE-ABCC-C26CF6BCC49F}.Debug|Any CPU.ActiveCfg = Debug|Any CPU
		{F82DA634-5B20-4BBE-ABCC-C26CF6BCC49F}.Debug|Any CPU.Build.0 = Debug|Any CPU
		{F82DA634-5B20-4BBE-ABCC-C26CF6BCC49F}.Release|Any CPU.ActiveCfg = Release|Any CPU
		{F82DA634-5B20-4BBE-ABCC-C26CF6BCC49F}.Release|Any CPU.Build.0 = Release|Any CPU
	EndGlobalSection
	GlobalSection(SolutionProperties) = preSolution
		HideSolutionNode = FALSE
	EndGlobalSection
	GlobalSection(ExtensibilityGlobals) = postSolution
		SolutionGuid = {9C63B360-0E37-4783-9F83-3511F1ADD288}
	EndGlobalSection
EndGlobal
